
Microsoft Visual Studio Solution File, Format Version 12.00
# Visual Studio Version 17
VisualStudioVersion = 17.4.33213.308
MinimumVisualStudioVersion = 10.0.40219.1
Project("{FAE04EC0-301F-11D3-BF4B-00C04F79EFBC}") = "Flower Management", "Flower Management\Flower Management.csproj", "{0DF8BD9A-17B3-49A1-AD9A-660CB51AAC04}"
EndProject
Global
	GlobalSection(SolutionConfigurationPlatforms) = preSolution
		Debug|Any CPU = Debug|Any CPU
		Release|Any CPU = Release|Any CPU
	EndGlobalSection
	GlobalSection(ProjectConfigurationPlatforms) = postSolution
		{0DF8BD9A-17B3-49A1-AD9A-660CB51AAC04}.Debug|Any CPU.ActiveCfg = Debug|Any CPU
		{0DF8BD9A-17B3-49A1-AD9A-660CB51AAC04}.Debug|Any CPU.Build.0 = Debug|Any CPU
		{0DF8BD9A-17B3-49A1-AD9A-660CB51AAC04}.Release|Any CPU.ActiveCfg = Release|Any CPU
		{0DF8BD9A-17B3-49A1-AD9A-660CB51AAC04}.Release|Any CPU.Build.0 = Release|Any CPU
	EndGlobalSection
	GlobalSection(SolutionProperties) = preSolution
		HideSolutionNode = FALSE
	EndGlobalSection
	GlobalSection(ExtensibilityGlobals) = postSolution
		SolutionGuid = {A0D53DEE-B36A-437F-BDA1-DA900A32EF90}
	EndGlobalSection
EndGlobal
